
Microsoft Visual Studio Solution File, Format Version 11.00
# Visual Studio 2010
Project("{FAE04EC0-301F-11D3-BF4B-00C04F79EFBC}") = "Price Action Advisor", "Price Action Advisor\Price Action Advisor.csproj", "{483FED01-DE5D-475B-A0E5-FD34DB4BABFB}"
EndProject
Global
	GlobalSection(SolutionConfigurationPlatforms) = preSolution
		Debug|Any CPU = Debug|Any CPU
		Release|Any CPU = Release|Any CPU
	EndGlobalSection
	GlobalSection(ProjectConfigurationPlatforms) = postSolution
		{483FED01-DE5D-475B-A0E5-FD34DB4BABFB}.Debug|Any CPU.ActiveCfg = Debug|Any CPU
		{483FED01-DE5D-475B-A0E5-FD34DB4BABFB}.Debug|Any CPU.Build.0 = Debug|Any CPU
		{483FED01-DE5D-475B-A0E5-FD34DB4BABFB}.Release|Any CPU.ActiveCfg = Release|Any CPU
		{483FED01-DE5D-475B-A0E5-FD34DB4BABFB}.Release|Any CPU.Build.0 = Release|Any CPU
	EndGlobalSection
	GlobalSection(SolutionProperties) = preSolution
		HideSolutionNode = FALSE
	EndGlobalSection
EndGlobal
